
Microsoft Visual Studio Solution File, Format Version 12.00
# Visual Studio Version 17
VisualStudioVersion = 17.5.33414.496
MinimumVisualStudioVersion = 10.0.40219.1
Project("{2150E333-8FDC-42A3-9474-1A3956D46DE8}") = "WebApplication", "WebApplication", "{54BA8B84-C5DA-4841-AAFC-99A5E69441F4}"
EndProject
Project("{2150E333-8FDC-42A3-9474-1A3956D46DE8}") = "Services", "Services", "{9BCBFC0F-DF25-4FE9-AAF3-AF8A6D41007A}"
EndProject
Project("{2150E333-8FDC-42A3-9474-1A3956D46DE8}") = "Framework", "Framework", "{347BC5A5-E6B2-4FB9-89CF-5C5060779E19}"
EndProject
Project("{2150E333-8FDC-42A3-9474-1A3956D46DE8}") = "YCompanyClaims", "YCompanyClaims", "{26AA978C-BE40-41D2-B798-16CDDEE895A4}"
EndProject
Project("{2150E333-8FDC-42A3-9474-1A3956D46DE8}") = "YCompanyPayments", "YCompanyPayments", "{69E7DBB3-92E4-4189-A6BD-065D3FA14B69}"
EndProject
Project("{2150E333-8FDC-42A3-9474-1A3956D46DE8}") = "YCompanyThirdParty", "YCompanyThirdParty", "{E3B1B332-4AC2-4018-8D0A-F3F843061CAE}"
EndProject
Project("{2150E333-8FDC-42A3-9474-1A3956D46DE8}") = "API", "API", "{16D869F5-290D-4AE2-8830-C9E0C1868501}"
EndProject
Project("{2150E333-8FDC-42A3-9474-1A3956D46DE8}") = "ApplicationCore", "ApplicationCore", "{169F4321-9F50-4A05-A524-34E55EB0EEC0}"
EndProject
Project("{2150E333-8FDC-42A3-9474-1A3956D46DE8}") = "API", "API", "{EA3A7260-588F-461A-9DF7-99473F4B92C8}"
EndProject
Project("{2150E333-8FDC-42A3-9474-1A3956D46DE8}") = "ApplicationCore", "ApplicationCore", "{6743EF47-C237-4374-86A9-1E31B075478C}"
EndProject
Project("{2150E333-8FDC-42A3-9474-1A3956D46DE8}") = "API", "API", "{8F291126-BBBA-4A16-AD11-180558B38FBD}"
EndProject
Project("{9A19103F-16F7-4668-BE54-9A1E7A4F7556}") = "YCompanyWebApplication", "YCompanyWebApplication\YCompanyWebApplication.csproj", "{BAAB6F38-57D6-42D6-8415-1E95093FC0F4}"
EndProject
Project("{9A19103F-16F7-4668-BE54-9A1E7A4F7556}") = "YCompanyThirdPartyAPI", "ThirdPartyAndSeed\YCompanyThirdPartyAPI\YCompanyThirdPartyAPI.csproj", "{276D807F-68ED-41A4-9936-204B6CFC261E}"
EndProject
Project("{9A19103F-16F7-4668-BE54-9A1E7A4F7556}") = "YCompanyPaymentsAPI", "Services\YCompanyPaymentsAPI\YCompanyPaymentsAPI\YCompanyPaymentsAPI.csproj", "{D2AE2F34-1C20-44D2-B826-9A47CE85DEB5}"
EndProject
Project("{9A19103F-16F7-4668-BE54-9A1E7A4F7556}") = "YCompany.Payments.Domain", "Services\YCompanyPaymentsAPI\YCompany.Payments.Domain\YCompany.Payments.Domain.csproj", "{6365671F-3A03-401A-A145-E01063861457}"
EndProject
Project("{9A19103F-16F7-4668-BE54-9A1E7A4F7556}") = "YCompany.Payments.Services", "Services\YCompanyPaymentsAPI\YCompany.Payments.Services\YCompany.Payments.Services.csproj", "{E1B5251B-34A7-4542-B9DA-84DAC4213EBB}"
EndProject
Project("{9A19103F-16F7-4668-BE54-9A1E7A4F7556}") = "YCompanyClaimsAPI", "Services\YCompanyClaimsAPI\YCompanyClaimsAPI\YCompanyClaimsAPI.csproj", "{570EC8B5-0E79-40C0-AF32-C81D515C9A0B}"
EndProject
Project("{9A19103F-16F7-4668-BE54-9A1E7A4F7556}") = "YCompany.Claims.Domain", "Services\YCompanyClaimsAPI\YCompany.Claims.Domain\YCompany.Claims.Domain.csproj", "{FC33AC5C-8613-4B26-9A12-F1663FC041BD}"
EndProject
Project("{9A19103F-16F7-4668-BE54-9A1E7A4F7556}") = "YCompany.Claims.Services", "Services\YCompanyClaimsAPI\YCompany.Claims.Services\YCompany.Claims.Services.csproj", "{3FE63817-0642-48A3-AB4A-066919D87EFD}"
EndProject
Project("{9A19103F-16F7-4668-BE54-9A1E7A4F7556}") = "YCompany.Caching", "Framework\YCompany.Claims.Caching\YCompany.Caching.csproj", "{598BBF5E-FD95-4355-A31D-1AD508377F5D}"
EndProject
Project("{9A19103F-16F7-4668-BE54-9A1E7A4F7556}") = "YCompany.ExceptionHandling", "Framework\YCompany.Claims.ExceptionHandling\YCompany.ExceptionHandling.csproj", "{8161631A-A873-4415-BF3A-738DE0A852AA}"
EndProject
Project("{9A19103F-16F7-4668-BE54-9A1E7A4F7556}") = "YCompany.Logging", "Framework\YCompany.Claims.Logging\YCompany.Logging.csproj", "{3AE122F6-DC91-45E2-A686-BE0D6D15D530}"
EndProject
Project("{9A19103F-16F7-4668-BE54-9A1E7A4F7556}") = "YCompany.MessagingQueue", "Framework\YCompany.Claims.MessagingQueue\YCompany.MessagingQueue.csproj", "{A825B495-08B3-41C0-A9F7-68EC5F1FA70E}"
EndProject
Project("{9A19103F-16F7-4668-BE54-9A1E7A4F7556}") = "YCompany.HealthChecks", "Framework\YCompany.HealthChecks\YCompany.HealthChecks.csproj", "{E53D3E78-7FBD-4CA8-9F1C-30D6E7B5AD84}"
EndProject
Project("{2150E333-8FDC-42A3-9474-1A3956D46DE8}") = "Infrastructure", "Infrastructure", "{E413D087-6416-4EF5-911A-EF2FBFC3FBD5}"
EndProject
Project("{9A19103F-16F7-4668-BE54-9A1E7A4F7556}") = "YCompany.Claims.Infrastructure", "Services\YCompanyClaimsAPI\YCompany.Claims.Infrastructure\YCompany.Claims.Infrastructure.csproj", "{052D4664-2276-4389-A3D1-384DFAFEFC0F}"
EndProject
Project("{9A19103F-16F7-4668-BE54-9A1E7A4F7556}") = "YCompany.Claims.DataAccess", "Services\YCompanyClaimsAPI\YCompany.Claims.DataAccess\YCompany.Claims.DataAccess.csproj", "{9D036662-0858-48AD-887D-FF5A6F5EE958}"
EndProject
Project("{2150E333-8FDC-42A3-9474-1A3956D46DE8}") = "Infrastructure", "Infrastructure", "{0307DE35-B32F-429F-8F3E-E4BED3FFA12C}"
EndProject
Project("{9A19103F-16F7-4668-BE54-9A1E7A4F7556}") = "YCompany.Payments.Infrastructure", "Services\YCompanyPaymentsAPI\YCompany.Payments.Infrastructure\YCompany.Payments.Infrastructure.csproj", "{50D13C3E-2FA1-470B-9F70-B851A0F5BAB1}"
EndProject
Project("{9A19103F-16F7-4668-BE54-9A1E7A4F7556}") = "YCompany.Payments.DataAccess", "Services\YCompanyPaymentsAPI\YCompany.Payments.DataAccess\YCompany.Payments.DataAccess.csproj", "{4DFDCFAD-2B61-4071-A21D-F98A0DAFCA2F}"
EndProject
Project("{2150E333-8FDC-42A3-9474-1A3956D46DE8}") = "YCompanyUserManagement", "YCompanyUserManagement", "{7626E5B7-FC41-4BAF-A782-2F2006431B76}"
EndProject
Project("{2150E333-8FDC-42A3-9474-1A3956D46DE8}") = "API", "API", "{D76F28C8-CFFD-491A-BD5D-502FEEA63722}"
EndProject
Project("{2150E333-8FDC-42A3-9474-1A3956D46DE8}") = "ApplicationCore", "ApplicationCore", "{82F29D7B-1F01-47CD-82E6-5C0AF05F386B}"
EndProject
Project("{2150E333-8FDC-42A3-9474-1A3956D46DE8}") = "Infrastructure", "Infrastructure", "{660DF91C-4E02-4D53-A4A8-E9828ADD1CD7}"
EndProject
Project("{9A19103F-16F7-4668-BE54-9A1E7A4F7556}") = "YCompanyUserManagementAPI", "Services\YCompanyUserManagementAPI\YCompanyUserManagementAPI\YCompanyUserManagementAPI.csproj", "{3C914655-4CDC-4011-8765-D3FCFDCAB667}"
EndProject
Project("{9A19103F-16F7-4668-BE54-9A1E7A4F7556}") = "YCompany.UserManagement.Domain", "Services\YCompanyUserManagementAPI\YCompany.UserManagement.Domain\YCompany.UserManagement.Domain.csproj", "{C11B8D5D-DD92-4D96-A96B-9181291FA99B}"
EndProject
Project("{9A19103F-16F7-4668-BE54-9A1E7A4F7556}") = "YCompany.UserManagement.Infrastructure", "Services\YCompanyUserManagementAPI\YCompany.UserManagement.Infrastructure\YCompany.UserManagement.Infrastructure.csproj", "{CCC93A48-F15D-4036-AD08-4514C00A25B0}"
EndProject
Project("{9A19103F-16F7-4668-BE54-9A1E7A4F7556}") = "YCompany.UserManagement.Services", "Services\YCompanyUserManagementAPI\YCompany.UserManagement.Services\YCompany.UserManagement.Services.csproj", "{00CC06EE-3E19-4E7C-ABA5-533205E1AEEE}"
EndProject
Project("{9A19103F-16F7-4668-BE54-9A1E7A4F7556}") = "YCompany.UserManagement.DataAccess", "Services\YCompanyUserManagementAPI\YCompany.UserManagement.DataAccess\YCompany.UserManagement.DataAccess.csproj", "{755FC839-5217-4494-9F05-5CAC9BA13478}"
EndProject
Project("{2150E333-8FDC-42A3-9474-1A3956D46DE8}") = "YCompanyVendor", "YCompanyVendor", "{1B6EFC7C-D203-4A53-9D94-888F10B6F9EB}"
EndProject
Project("{2150E333-8FDC-42A3-9474-1A3956D46DE8}") = "API", "API", "{4AFA3EDC-3D87-4EE4-B860-711E2E95DEA8}"
EndProject
Project("{2150E333-8FDC-42A3-9474-1A3956D46DE8}") = "ApplicationCore", "ApplicationCore", "{97FBA09D-6B17-4FC3-9164-67FF02435736}"
EndProject
Project("{2150E333-8FDC-42A3-9474-1A3956D46DE8}") = "Infrastructure", "Infrastructure", "{AB1F5A31-D93E-4545-A7D5-1B20A7B56360}"
EndProject
Project("{9A19103F-16F7-4668-BE54-9A1E7A4F7556}") = "YCompany.Vendor.Domain", "Services\YCompanyVendorAPI\YCompany.Vendor.Domain\YCompany.Vendor.Domain.csproj", "{F1AEF734-28E7-4F7D-BDEE-39A6AD3E1D50}"
EndProject
Project("{9A19103F-16F7-4668-BE54-9A1E7A4F7556}") = "YCompany.Vendor.Infrastructure", "Services\YCompanyVendorAPI\YCompany.Vendor.Infrastructure\YCompany.Vendor.Infrastructure.csproj", "{DE2AD75C-1068-4B26-A713-A751A503FC71}"
EndProject
Project("{9A19103F-16F7-4668-BE54-9A1E7A4F7556}") = "YCompany.Vendor.Service", "Services\YCompanyVendorAPI\YCompany.Vendor.Service\YCompany.Vendor.Service.csproj", "{27ACBB65-C877-4F77-8559-83AD63ADB401}"
EndProject
Project("{9A19103F-16F7-4668-BE54-9A1E7A4F7556}") = "YCompany.Vendor.DataAccess", "Services\YCompanyVendorAPI\YCompany.Vendor.DataAccess\YCompany.Vendor.DataAccess.csproj", "{6CF01C7B-7B05-423D-9107-74214712C663}"
EndProject
Project("{9A19103F-16F7-4668-BE54-9A1E7A4F7556}") = "YCompanyVendorAPI", "Services\YCompanyVendorAPI\YCompanyVendorAPI\YCompanyVendorAPI.csproj", "{EDDA1C2C-99F2-4AFA-9397-3060CC870BFD}"
EndProject
Project("{2150E333-8FDC-42A3-9474-1A3956D46DE8}") = "YCompanyCommunications", "YCompanyCommunications", "{24AEC371-5399-41DE-8CC6-4E433F3F64EF}"
EndProject
Project("{2150E333-8FDC-42A3-9474-1A3956D46DE8}") = "API", "API", "{32987B1A-8D2D-4A87-A7D1-F9007907CF93}"
EndProject
Project("{2150E333-8FDC-42A3-9474-1A3956D46DE8}") = "ApplicationCore", "ApplicationCore", "{736BFCC5-8DFA-428A-A070-662FDD98B063}"
EndProject
Project("{2150E333-8FDC-42A3-9474-1A3956D46DE8}") = "Infrastructure", "Infrastructure", "{DFD25198-6A36-4659-8A01-DF537D0DA271}"
EndProject
Project("{9A19103F-16F7-4668-BE54-9A1E7A4F7556}") = "YCompanyCommunicationsAPI", "Services\YCompanyCommunicationsAPI\YCompanyCommunicationsAPI\YCompanyCommunicationsAPI.csproj", "{53202BD7-1DD0-4836-A2B4-4498AC192E9F}"
EndProject
Project("{9A19103F-16F7-4668-BE54-9A1E7A4F7556}") = "YCompany.Communications.Domain", "Services\YCompanyCommunicationsAPI\YCompany.Communications.Domain\YCompany.Communications.Domain.csproj", "{BAC46B37-4BF1-46A0-A884-861E541AA13E}"
EndProject
Project("{9A19103F-16F7-4668-BE54-9A1E7A4F7556}") = "YCompany.Communications.Services", "Services\YCompanyCommunicationsAPI\YCompany.Communications.Services\YCompany.Communications.Services.csproj", "{E1EB6582-AEFF-45DD-9893-88E28A17C5DF}"
EndProject
Project("{9A19103F-16F7-4668-BE54-9A1E7A4F7556}") = "YCompany.Communications.Infrastructure", "Services\YCompanyCommunicationsAPI\YCompany.Communications.Infrastructure\YCompany.Communications.Infrastructure.csproj", "{D7DFBD33-6A6B-496A-9CDE-51D169E9594E}"
EndProject
Project("{9A19103F-16F7-4668-BE54-9A1E7A4F7556}") = "YCompany.Communications.DataAccess", "Services\YCompanyCommunicationsAPI\YCompany.Communications.DataAccess\YCompany.Communications.DataAccess.csproj", "{73FAF1F3-C77D-4E99-9B7E-24E0C27B9339}"
EndProject
Project("{2150E333-8FDC-42A3-9474-1A3956D46DE8}") = "YCompanyReporting", "YCompanyReporting", "{80D0C27A-9223-4432-A729-B89AAC8E03AD}"
EndProject
Project("{2150E333-8FDC-42A3-9474-1A3956D46DE8}") = "API", "API", "{6A056FF9-BF3E-4ADC-850C-89DB41A4420B}"
EndProject
Project("{2150E333-8FDC-42A3-9474-1A3956D46DE8}") = "ApplicationCore", "ApplicationCore", "{6267BC8C-9746-4D2B-98B3-F99CC38A7C84}"
EndProject
Project("{2150E333-8FDC-42A3-9474-1A3956D46DE8}") = "Infrastructure", "Infrastructure", "{B1394C3E-2C80-443E-8243-CB3AA87C6395}"
EndProject
Project("{9A19103F-16F7-4668-BE54-9A1E7A4F7556}") = "YCompanyReportingAPI", "Services\YCompanyReportingAPI\YCompanyReportingAPI\YCompanyReportingAPI.csproj", "{07C58CA7-4206-4CD8-860D-AB32EBE940A6}"
EndProject
Project("{9A19103F-16F7-4668-BE54-9A1E7A4F7556}") = "YCompany.Reporting.Domain", "Services\YCompanyReportingAPI\YCompany.Reporting.Domain\YCompany.Reporting.Domain.csproj", "{2C51D7C0-5977-4039-B480-5B7D54FC9DD5}"
EndProject
Project("{9A19103F-16F7-4668-BE54-9A1E7A4F7556}") = "YCompany.Reporting.Services", "Services\YCompanyReportingAPI\YCompany.Reporting.Services\YCompany.Reporting.Services.csproj", "{7389FDB9-28DE-4B71-A89B-FE2BF7EC56E1}"
EndProject
Project("{9A19103F-16F7-4668-BE54-9A1E7A4F7556}") = "YCompany.Reporting.Infrastructure", "Services\YCompanyReportingAPI\YCompany.Reporting.Infrastructure\YCompany.Reporting.Infrastructure.csproj", "{8CF996E6-E5CB-4566-8F77-B5EF52F50939}"
EndProject
Project("{9A19103F-16F7-4668-BE54-9A1E7A4F7556}") = "YCompany.Reporting.DataAccess", "Services\YCompanyReportingAPI\YCompany.Reporting.DataAccess\YCompany.Reporting.DataAccess.csproj", "{420034AD-EA21-48C4-BDD7-660D6D672FE2}"
EndProject
Project("{2150E333-8FDC-42A3-9474-1A3956D46DE8}") = "YCompanyIdentityServer", "YCompanyIdentityServer", "{7282FA2C-C047-4492-9DF3-567A54107037}"
EndProject
Project("{2150E333-8FDC-42A3-9474-1A3956D46DE8}") = "API", "API", "{B426FFE7-F326-400C-8EE5-A93FC35D4AC0}"
EndProject
Project("{9A19103F-16F7-4668-BE54-9A1E7A4F7556}") = "YCompanyIdentityServer", "Services\YCompanyIdentityServer\YCompanyIdentityServer\YCompanyIdentityServer.csproj", "{1F472D42-51D4-41CA-97C6-38C26347BC48}"
EndProject
Project("{2150E333-8FDC-42A3-9474-1A3956D46DE8}") = "ApplicationCore", "ApplicationCore", "{C52845B8-2F56-414C-B7F8-26D9E267ECC8}"
EndProject
Project("{2150E333-8FDC-42A3-9474-1A3956D46DE8}") = "Infrastructure", "Infrastructure", "{11C5EC21-A895-494F-A1EF-C80C23DE2F3D}"
EndProject
Project("{9A19103F-16F7-4668-BE54-9A1E7A4F7556}") = "YCompany.Identity.Domain", "Services\YCompanyIdentityServer\YCompany.Identity.Domain\YCompany.Identity.Domain.csproj", "{2D1FB18B-CBAA-4912-9389-E4A1F48A0EEE}"
EndProject
Project("{9A19103F-16F7-4668-BE54-9A1E7A4F7556}") = "YCompany.Identity.Services", "Services\YCompanyIdentityServer\YCompany.Identity.Services\YCompany.Identity.Services.csproj", "{C540A85F-F682-4971-866C-8F9568A1A6DC}"
EndProject
Project("{9A19103F-16F7-4668-BE54-9A1E7A4F7556}") = "YCompany.Identity.DataAccess", "Services\YCompanyIdentityServer\YCompany.Identity.DataAccess\YCompany.Identity.DataAccess.csproj", "{54EF6F3D-45C3-4F0C-8013-57D95C039806}"
EndProject
Project("{9A19103F-16F7-4668-BE54-9A1E7A4F7556}") = "YCompany.Identity.Infrastructure", "Services\YCompanyIdentityServer\YCompany.Identity.Infrastructure\YCompany.Identity.Infrastructure.csproj", "{351E9F40-37F7-475D-ACE2-9EF60A690E58}"
EndProject
Global
	GlobalSection(SolutionConfigurationPlatforms) = preSolution
		Debug|Any CPU = Debug|Any CPU
		Release|Any CPU = Release|Any CPU
	EndGlobalSection
	GlobalSection(ProjectConfigurationPlatforms) = postSolution
		{BAAB6F38-57D6-42D6-8415-1E95093FC0F4}.Debug|Any CPU.ActiveCfg = Debug|Any CPU
		{BAAB6F38-57D6-42D6-8415-1E95093FC0F4}.Debug|Any CPU.Build.0 = Debug|Any CPU
		{BAAB6F38-57D6-42D6-8415-1E95093FC0F4}.Release|Any CPU.ActiveCfg = Release|Any CPU
		{BAAB6F38-57D6-42D6-8415-1E95093FC0F4}.Release|Any CPU.Build.0 = Release|Any CPU
		{276D807F-68ED-41A4-9936-204B6CFC261E}.Debug|Any CPU.ActiveCfg = Debug|Any CPU
		{276D807F-68ED-41A4-9936-204B6CFC261E}.Debug|Any CPU.Build.0 = Debug|Any CPU
		{276D807F-68ED-41A4-9936-204B6CFC261E}.Release|Any CPU.ActiveCfg = Release|Any CPU
		{276D807F-68ED-41A4-9936-204B6CFC261E}.Release|Any CPU.Build.0 = Release|Any CPU
		{D2AE2F34-1C20-44D2-B826-9A47CE85DEB5}.Debug|Any CPU.ActiveCfg = Debug|Any CPU
		{D2AE2F34-1C20-44D2-B826-9A47CE85DEB5}.Debug|Any CPU.Build.0 = Debug|Any CPU
		{D2AE2F34-1C20-44D2-B826-9A47CE85DEB5}.Release|Any CPU.ActiveCfg = Release|Any CPU
		{D2AE2F34-1C20-44D2-B826-9A47CE85DEB5}.Release|Any CPU.Build.0 = Release|Any CPU
		{6365671F-3A03-401A-A145-E01063861457}.Debug|Any CPU.ActiveCfg = Debug|Any CPU
		{6365671F-3A03-401A-A145-E01063861457}.Debug|Any CPU.Build.0 = Debug|Any CPU
		{6365671F-3A03-401A-A145-E01063861457}.Release|Any CPU.ActiveCfg = Release|Any CPU
		{6365671F-3A03-401A-A145-E01063861457}.Release|Any CPU.Build.0 = Release|Any CPU
		{E1B5251B-34A7-4542-B9DA-84DAC4213EBB}.Debug|Any CPU.ActiveCfg = Debug|Any CPU
		{E1B5251B-34A7-4542-B9DA-84DAC4213EBB}.Debug|Any CPU.Build.0 = Debug|Any CPU
		{E1B5251B-34A7-4542-B9DA-84DAC4213EBB}.Release|Any CPU.ActiveCfg = Release|Any CPU
		{E1B5251B-34A7-4542-B9DA-84DAC4213EBB}.Release|Any CPU.Build.0 = Release|Any CPU
		{570EC8B5-0E79-40C0-AF32-C81D515C9A0B}.Debug|Any CPU.ActiveCfg = Debug|Any CPU
		{570EC8B5-0E79-40C0-AF32-C81D515C9A0B}.Debug|Any CPU.Build.0 = Debug|Any CPU
		{570EC8B5-0E79-40C0-AF32-C81D515C9A0B}.Release|Any CPU.ActiveCfg = Release|Any CPU
		{570EC8B5-0E79-40C0-AF32-C81D515C9A0B}.Release|Any CPU.Build.0 = Release|Any CPU
		{FC33AC5C-8613-4B26-9A12-F1663FC041BD}.Debug|Any CPU.ActiveCfg = Debug|Any CPU
		{FC33AC5C-8613-4B26-9A12-F1663FC041BD}.Debug|Any CPU.Build.0 = Debug|Any CPU
		{FC33AC5C-8613-4B26-9A12-F1663FC041BD}.Release|Any CPU.ActiveCfg = Release|Any CPU
		{FC33AC5C-8613-4B26-9A12-F1663FC041BD}.Release|Any CPU.Build.0 = Release|Any CPU
		{3FE63817-0642-48A3-AB4A-066919D87EFD}.Debug|Any CPU.ActiveCfg = Debug|Any CPU
		{3FE63817-0642-48A3-AB4A-066919D87EFD}.Debug|Any CPU.Build.0 = Debug|Any CPU
		{3FE63817-0642-48A3-AB4A-066919D87EFD}.Release|Any CPU.ActiveCfg = Release|Any CPU
		{3FE63817-0642-48A3-AB4A-066919D87EFD}.Release|Any CPU.Build.0 = Release|Any CPU
		{598BBF5E-FD95-4355-A31D-1AD508377F5D}.Debug|Any CPU.ActiveCfg = Debug|Any CPU
		{598BBF5E-FD95-4355-A31D-1AD508377F5D}.Debug|Any CPU.Build.0 = Debug|Any CPU
		{598BBF5E-FD95-4355-A31D-1AD508377F5D}.Release|Any CPU.ActiveCfg = Release|Any CPU
		{598BBF5E-FD95-4355-A31D-1AD508377F5D}.Release|Any CPU.Build.0 = Release|Any CPU
		{8161631A-A873-4415-BF3A-738DE0A852AA}.Debug|Any CPU.ActiveCfg = Debug|Any CPU
		{8161631A-A873-4415-BF3A-738DE0A852AA}.Debug|Any CPU.Build.0 = Debug|Any CPU
		{8161631A-A873-4415-BF3A-738DE0A852AA}.Release|Any CPU.ActiveCfg = Release|Any CPU
		{8161631A-A873-4415-BF3A-738DE0A852AA}.Release|Any CPU.Build.0 = Release|Any CPU
		{3AE122F6-DC91-45E2-A686-BE0D6D15D530}.Debug|Any CPU.ActiveCfg = Debug|Any CPU
		{3AE122F6-DC91-45E2-A686-BE0D6D15D530}.Debug|Any CPU.Build.0 = Debug|Any CPU
		{3AE122F6-DC91-45E2-A686-BE0D6D15D530}.Release|Any CPU.ActiveCfg = Release|Any CPU
		{3AE122F6-DC91-45E2-A686-BE0D6D15D530}.Release|Any CPU.Build.0 = Release|Any CPU
		{A825B495-08B3-41C0-A9F7-68EC5F1FA70E}.Debug|Any CPU.ActiveCfg = Debug|Any CPU
		{A825B495-08B3-41C0-A9F7-68EC5F1FA70E}.Debug|Any CPU.Build.0 = Debug|Any CPU
		{A825B495-08B3-41C0-A9F7-68EC5F1FA70E}.Release|Any CPU.ActiveCfg = Release|Any CPU
		{A825B495-08B3-41C0-A9F7-68EC5F1FA70E}.Release|Any CPU.Build.0 = Release|Any CPU
		{E53D3E78-7FBD-4CA8-9F1C-30D6E7B5AD84}.Debug|Any CPU.ActiveCfg = Debug|Any CPU
		{E53D3E78-7FBD-4CA8-9F1C-30D6E7B5AD84}.Debug|Any CPU.Build.0 = Debug|Any CPU
		{E53D3E78-7FBD-4CA8-9F1C-30D6E7B5AD84}.Release|Any CPU.ActiveCfg = Release|Any CPU
		{E53D3E78-7FBD-4CA8-9F1C-30D6E7B5AD84}.Release|Any CPU.Build.0 = Release|Any CPU
		{052D4664-2276-4389-A3D1-384DFAFEFC0F}.Debug|Any CPU.ActiveCfg = Debug|Any CPU
		{052D4664-2276-4389-A3D1-384DFAFEFC0F}.Debug|Any CPU.Build.0 = Debug|Any CPU
		{052D4664-2276-4389-A3D1-384DFAFEFC0F}.Release|Any CPU.ActiveCfg = Release|Any CPU
		{052D4664-2276-4389-A3D1-384DFAFEFC0F}.Release|Any CPU.Build.0 = Release|Any CPU
		{9D036662-0858-48AD-887D-FF5A6F5EE958}.Debug|Any CPU.ActiveCfg = Debug|Any CPU
		{9D036662-0858-48AD-887D-FF5A6F5EE958}.Debug|Any CPU.Build.0 = Debug|Any CPU
		{9D036662-0858-48AD-887D-FF5A6F5EE958}.Release|Any CPU.ActiveCfg = Release|Any CPU
		{9D036662-0858-48AD-887D-FF5A6F5EE958}.Release|Any CPU.Build.0 = Release|Any CPU
		{50D13C3E-2FA1-470B-9F70-B851A0F5BAB1}.Debug|Any CPU.ActiveCfg = Debug|Any CPU
		{50D13C3E-2FA1-470B-9F70-B851A0F5BAB1}.Debug|Any CPU.Build.0 = Debug|Any CPU
		{50D13C3E-2FA1-470B-9F70-B851A0F5BAB1}.Release|Any CPU.ActiveCfg = Release|Any CPU
		{50D13C3E-2FA1-470B-9F70-B851A0F5BAB1}.Release|Any CPU.Build.0 = Release|Any CPU
		{4DFDCFAD-2B61-4071-A21D-F98A0DAFCA2F}.Debug|Any CPU.ActiveCfg = Debug|Any CPU
		{4DFDCFAD-2B61-4071-A21D-F98A0DAFCA2F}.Debug|Any CPU.Build.0 = Debug|Any CPU
		{4DFDCFAD-2B61-4071-A21D-F98A0DAFCA2F}.Release|Any CPU.ActiveCfg = Release|Any CPU
		{4DFDCFAD-2B61-4071-A21D-F98A0DAFCA2F}.Release|Any CPU.Build.0 = Release|Any CPU
		{3C914655-4CDC-4011-8765-D3FCFDCAB667}.Debug|Any CPU.ActiveCfg = Debug|Any CPU
		{3C914655-4CDC-4011-8765-D3FCFDCAB667}.Debug|Any CPU.Build.0 = Debug|Any CPU
		{3C914655-4CDC-4011-8765-D3FCFDCAB667}.Release|Any CPU.ActiveCfg = Release|Any CPU
		{3C914655-4CDC-4011-8765-D3FCFDCAB667}.Release|Any CPU.Build.0 = Release|Any CPU
		{C11B8D5D-DD92-4D96-A96B-9181291FA99B}.Debug|Any CPU.ActiveCfg = Debug|Any CPU
		{C11B8D5D-DD92-4D96-A96B-9181291FA99B}.Debug|Any CPU.Build.0 = Debug|Any CPU
		{C11B8D5D-DD92-4D96-A96B-9181291FA99B}.Release|Any CPU.ActiveCfg = Release|Any CPU
		{C11B8D5D-DD92-4D96-A96B-9181291FA99B}.Release|Any CPU.Build.0 = Release|Any CPU
		{CCC93A48-F15D-4036-AD08-4514C00A25B0}.Debug|Any CPU.ActiveCfg = Debug|Any CPU
		{CCC93A48-F15D-4036-AD08-4514C00A25B0}.Debug|Any CPU.Build.0 = Debug|Any CPU
		{CCC93A48-F15D-4036-AD08-4514C00A25B0}.Release|Any CPU.ActiveCfg = Release|Any CPU
		{CCC93A48-F15D-4036-AD08-4514C00A25B0}.Release|Any CPU.Build.0 = Release|Any CPU
		{00CC06EE-3E19-4E7C-ABA5-533205E1AEEE}.Debug|Any CPU.ActiveCfg = Debug|Any CPU
		{00CC06EE-3E19-4E7C-ABA5-533205E1AEEE}.Debug|Any CPU.Build.0 = Debug|Any CPU
		{00CC06EE-3E19-4E7C-ABA5-533205E1AEEE}.Release|Any CPU.ActiveCfg = Release|Any CPU
		{00CC06EE-3E19-4E7C-ABA5-533205E1AEEE}.Release|Any CPU.Build.0 = Release|Any CPU
		{755FC839-5217-4494-9F05-5CAC9BA13478}.Debug|Any CPU.ActiveCfg = Debug|Any CPU
		{755FC839-5217-4494-9F05-5CAC9BA13478}.Debug|Any CPU.Build.0 = Debug|Any CPU
		{755FC839-5217-4494-9F05-5CAC9BA13478}.Release|Any CPU.ActiveCfg = Release|Any CPU
		{755FC839-5217-4494-9F05-5CAC9BA13478}.Release|Any CPU.Build.0 = Release|Any CPU
		{F1AEF734-28E7-4F7D-BDEE-39A6AD3E1D50}.Debug|Any CPU.ActiveCfg = Debug|Any CPU
		{F1AEF734-28E7-4F7D-BDEE-39A6AD3E1D50}.Debug|Any CPU.Build.0 = Debug|Any CPU
		{F1AEF734-28E7-4F7D-BDEE-39A6AD3E1D50}.Release|Any CPU.ActiveCfg = Release|Any CPU
		{F1AEF734-28E7-4F7D-BDEE-39A6AD3E1D50}.Release|Any CPU.Build.0 = Release|Any CPU
		{DE2AD75C-1068-4B26-A713-A751A503FC71}.Debug|Any CPU.ActiveCfg = Debug|Any CPU
		{DE2AD75C-1068-4B26-A713-A751A503FC71}.Debug|Any CPU.Build.0 = Debug|Any CPU
		{DE2AD75C-1068-4B26-A713-A751A503FC71}.Release|Any CPU.ActiveCfg = Release|Any CPU
		{DE2AD75C-1068-4B26-A713-A751A503FC71}.Release|Any CPU.Build.0 = Release|Any CPU
		{27ACBB65-C877-4F77-8559-83AD63ADB401}.Debug|Any CPU.ActiveCfg = Debug|Any CPU
		{27ACBB65-C877-4F77-8559-83AD63ADB401}.Debug|Any CPU.Build.0 = Debug|Any CPU
		{27ACBB65-C877-4F77-8559-83AD63ADB401}.Release|Any CPU.ActiveCfg = Release|Any CPU
		{27ACBB65-C877-4F77-8559-83AD63ADB401}.Release|Any CPU.Build.0 = Release|Any CPU
		{6CF01C7B-7B05-423D-9107-74214712C663}.Debug|Any CPU.ActiveCfg = Debug|Any CPU
		{6CF01C7B-7B05-423D-9107-74214712C663}.Debug|Any CPU.Build.0 = Debug|Any CPU
		{6CF01C7B-7B05-423D-9107-74214712C663}.Release|Any CPU.ActiveCfg = Release|Any CPU
		{6CF01C7B-7B05-423D-9107-74214712C663}.Release|Any CPU.Build.0 = Release|Any CPU
		{EDDA1C2C-99F2-4AFA-9397-3060CC870BFD}.Debug|Any CPU.ActiveCfg = Debug|Any CPU
		{EDDA1C2C-99F2-4AFA-9397-3060CC870BFD}.Debug|Any CPU.Build.0 = Debug|Any CPU
		{EDDA1C2C-99F2-4AFA-9397-3060CC870BFD}.Release|Any CPU.ActiveCfg = Release|Any CPU
		{EDDA1C2C-99F2-4AFA-9397-3060CC870BFD}.Release|Any CPU.Build.0 = Release|Any CPU
		{53202BD7-1DD0-4836-A2B4-4498AC192E9F}.Debug|Any CPU.ActiveCfg = Debug|Any CPU
		{53202BD7-1DD0-4836-A2B4-4498AC192E9F}.Debug|Any CPU.Build.0 = Debug|Any CPU
		{53202BD7-1DD0-4836-A2B4-4498AC192E9F}.Release|Any CPU.ActiveCfg = Release|Any CPU
		{53202BD7-1DD0-4836-A2B4-4498AC192E9F}.Release|Any CPU.Build.0 = Release|Any CPU
		{BAC46B37-4BF1-46A0-A884-861E541AA13E}.Debug|Any CPU.ActiveCfg = Debug|Any CPU
		{BAC46B37-4BF1-46A0-A884-861E541AA13E}.Debug|Any CPU.Build.0 = Debug|Any CPU
		{BAC46B37-4BF1-46A0-A884-861E541AA13E}.Release|Any CPU.ActiveCfg = Release|Any CPU
		{BAC46B37-4BF1-46A0-A884-861E541AA13E}.Release|Any CPU.Build.0 = Release|Any CPU
		{E1EB6582-AEFF-45DD-9893-88E28A17C5DF}.Debug|Any CPU.ActiveCfg = Debug|Any CPU
		{E1EB6582-AEFF-45DD-9893-88E28A17C5DF}.Debug|Any CPU.Build.0 = Debug|Any CPU
		{E1EB6582-AEFF-45DD-9893-88E28A17C5DF}.Release|Any CPU.ActiveCfg = Release|Any CPU
		{E1EB6582-AEFF-45DD-9893-88E28A17C5DF}.Release|Any CPU.Build.0 = Release|Any CPU
		{D7DFBD33-6A6B-496A-9CDE-51D169E9594E}.Debug|Any CPU.ActiveCfg = Debug|Any CPU
		{D7DFBD33-6A6B-496A-9CDE-51D169E9594E}.Debug|Any CPU.Build.0 = Debug|Any CPU
		{D7DFBD33-6A6B-496A-9CDE-51D169E9594E}.Release|Any CPU.ActiveCfg = Release|Any CPU
		{D7DFBD33-6A6B-496A-9CDE-51D169E9594E}.Release|Any CPU.Build.0 = Release|Any CPU
		{73FAF1F3-C77D-4E99-9B7E-24E0C27B9339}.Debug|Any CPU.ActiveCfg = Debug|Any CPU
		{73FAF1F3-C77D-4E99-9B7E-24E0C27B9339}.Debug|Any CPU.Build.0 = Debug|Any CPU
		{73FAF1F3-C77D-4E99-9B7E-24E0C27B9339}.Release|Any CPU.ActiveCfg = Release|Any CPU
		{73FAF1F3-C77D-4E99-9B7E-24E0C27B9339}.Release|Any CPU.Build.0 = Release|Any CPU
		{07C58CA7-4206-4CD8-860D-AB32EBE940A6}.Debug|Any CPU.ActiveCfg = Debug|Any CPU
		{07C58CA7-4206-4CD8-860D-AB32EBE940A6}.Debug|Any CPU.Build.0 = Debug|Any CPU
		{07C58CA7-4206-4CD8-860D-AB32EBE940A6}.Release|Any CPU.ActiveCfg = Release|Any CPU
		{07C58CA7-4206-4CD8-860D-AB32EBE940A6}.Release|Any CPU.Build.0 = Release|Any CPU
		{2C51D7C0-5977-4039-B480-5B7D54FC9DD5}.Debug|Any CPU.ActiveCfg = Debug|Any CPU
		{2C51D7C0-5977-4039-B480-5B7D54FC9DD5}.Debug|Any CPU.Build.0 = Debug|Any CPU
		{2C51D7C0-5977-4039-B480-5B7D54FC9DD5}.Release|Any CPU.ActiveCfg = Release|Any CPU
		{2C51D7C0-5977-4039-B480-5B7D54FC9DD5}.Release|Any CPU.Build.0 = Release|Any CPU
		{7389FDB9-28DE-4B71-A89B-FE2BF7EC56E1}.Debug|Any CPU.ActiveCfg = Debug|Any CPU
		{7389FDB9-28DE-4B71-A89B-FE2BF7EC56E1}.Debug|Any CPU.Build.0 = Debug|Any CPU
		{7389FDB9-28DE-4B71-A89B-FE2BF7EC56E1}.Release|Any CPU.ActiveCfg = Release|Any CPU
		{7389FDB9-28DE-4B71-A89B-FE2BF7EC56E1}.Release|Any CPU.Build.0 = Release|Any CPU
		{8CF996E6-E5CB-4566-8F77-B5EF52F50939}.Debug|Any CPU.ActiveCfg = Debug|Any CPU
		{8CF996E6-E5CB-4566-8F77-B5EF52F50939}.Debug|Any CPU.Build.0 = Debug|Any CPU
		{8CF996E6-E5CB-4566-8F77-B5EF52F50939}.Release|Any CPU.ActiveCfg = Release|Any CPU
		{8CF996E6-E5CB-4566-8F77-B5EF52F50939}.Release|Any CPU.Build.0 = Release|Any CPU
		{420034AD-EA21-48C4-BDD7-660D6D672FE2}.Debug|Any CPU.ActiveCfg = Debug|Any CPU
		{420034AD-EA21-48C4-BDD7-660D6D672FE2}.Debug|Any CPU.Build.0 = Debug|Any CPU
		{420034AD-EA21-48C4-BDD7-660D6D672FE2}.Release|Any CPU.ActiveCfg = Release|Any CPU
		{420034AD-EA21-48C4-BDD7-660D6D672FE2}.Release|Any CPU.Build.0 = Release|Any CPU
		{1F472D42-51D4-41CA-97C6-38C26347BC48}.Debug|Any CPU.ActiveCfg = Debug|Any CPU
		{1F472D42-51D4-41CA-97C6-38C26347BC48}.Debug|Any CPU.Build.0 = Debug|Any CPU
		{1F472D42-51D4-41CA-97C6-38C26347BC48}.Release|Any CPU.ActiveCfg = Release|Any CPU
		{1F472D42-51D4-41CA-97C6-38C26347BC48}.Release|Any CPU.Build.0 = Release|Any CPU
		{2D1FB18B-CBAA-4912-9389-E4A1F48A0EEE}.Debug|Any CPU.ActiveCfg = Debug|Any CPU
		{2D1FB18B-CBAA-4912-9389-E4A1F48A0EEE}.Debug|Any CPU.Build.0 = Debug|Any CPU
		{2D1FB18B-CBAA-4912-9389-E4A1F48A0EEE}.Release|Any CPU.ActiveCfg = Release|Any CPU
		{2D1FB18B-CBAA-4912-9389-E4A1F48A0EEE}.Release|Any CPU.Build.0 = Release|Any CPU
		{C540A85F-F682-4971-866C-8F9568A1A6DC}.Debug|Any CPU.ActiveCfg = Debug|Any CPU
		{C540A85F-F682-4971-866C-8F9568A1A6DC}.Debug|Any CPU.Build.0 = Debug|Any CPU
		{C540A85F-F682-4971-866C-8F9568A1A6DC}.Release|Any CPU.ActiveCfg = Release|Any CPU
		{C540A85F-F682-4971-866C-8F9568A1A6DC}.Release|Any CPU.Build.0 = Release|Any CPU
		{54EF6F3D-45C3-4F0C-8013-57D95C039806}.Debug|Any CPU.ActiveCfg = Debug|Any CPU
		{54EF6F3D-45C3-4F0C-8013-57D95C039806}.Debug|Any CPU.Build.0 = Debug|Any CPU
		{54EF6F3D-45C3-4F0C-8013-57D95C039806}.Release|Any CPU.ActiveCfg = Release|Any CPU
		{54EF6F3D-45C3-4F0C-8013-57D95C039806}.Release|Any CPU.Build.0 = Release|Any CPU
		{351E9F40-37F7-475D-ACE2-9EF60A690E58}.Debug|Any CPU.ActiveCfg = Debug|Any CPU
		{351E9F40-37F7-475D-ACE2-9EF60A690E58}.Debug|Any CPU.Build.0 = Debug|Any CPU
		{351E9F40-37F7-475D-ACE2-9EF60A690E58}.Release|Any CPU.ActiveCfg = Release|Any CPU
		{351E9F40-37F7-475D-ACE2-9EF60A690E58}.Release|Any CPU.Build.0 = Release|Any CPU
	EndGlobalSection
	GlobalSection(SolutionProperties) = preSolution
		HideSolutionNode = FALSE
	EndGlobalSection
	GlobalSection(NestedProjects) = preSolution
		{26AA978C-BE40-41D2-B798-16CDDEE895A4} = {9BCBFC0F-DF25-4FE9-AAF3-AF8A6D41007A}
		{69E7DBB3-92E4-4189-A6BD-065D3FA14B69} = {9BCBFC0F-DF25-4FE9-AAF3-AF8A6D41007A}
		{E3B1B332-4AC2-4018-8D0A-F3F843061CAE} = {9BCBFC0F-DF25-4FE9-AAF3-AF8A6D41007A}
		{16D869F5-290D-4AE2-8830-C9E0C1868501} = {26AA978C-BE40-41D2-B798-16CDDEE895A4}
		{169F4321-9F50-4A05-A524-34E55EB0EEC0} = {26AA978C-BE40-41D2-B798-16CDDEE895A4}
		{EA3A7260-588F-461A-9DF7-99473F4B92C8} = {69E7DBB3-92E4-4189-A6BD-065D3FA14B69}
		{6743EF47-C237-4374-86A9-1E31B075478C} = {69E7DBB3-92E4-4189-A6BD-065D3FA14B69}
		{8F291126-BBBA-4A16-AD11-180558B38FBD} = {E3B1B332-4AC2-4018-8D0A-F3F843061CAE}
		{BAAB6F38-57D6-42D6-8415-1E95093FC0F4} = {54BA8B84-C5DA-4841-AAFC-99A5E69441F4}
		{276D807F-68ED-41A4-9936-204B6CFC261E} = {8F291126-BBBA-4A16-AD11-180558B38FBD}
		{D2AE2F34-1C20-44D2-B826-9A47CE85DEB5} = {EA3A7260-588F-461A-9DF7-99473F4B92C8}
		{6365671F-3A03-401A-A145-E01063861457} = {6743EF47-C237-4374-86A9-1E31B075478C}
		{E1B5251B-34A7-4542-B9DA-84DAC4213EBB} = {6743EF47-C237-4374-86A9-1E31B075478C}
		{570EC8B5-0E79-40C0-AF32-C81D515C9A0B} = {16D869F5-290D-4AE2-8830-C9E0C1868501}
		{FC33AC5C-8613-4B26-9A12-F1663FC041BD} = {169F4321-9F50-4A05-A524-34E55EB0EEC0}
		{3FE63817-0642-48A3-AB4A-066919D87EFD} = {169F4321-9F50-4A05-A524-34E55EB0EEC0}
		{598BBF5E-FD95-4355-A31D-1AD508377F5D} = {347BC5A5-E6B2-4FB9-89CF-5C5060779E19}
		{8161631A-A873-4415-BF3A-738DE0A852AA} = {347BC5A5-E6B2-4FB9-89CF-5C5060779E19}
		{3AE122F6-DC91-45E2-A686-BE0D6D15D530} = {347BC5A5-E6B2-4FB9-89CF-5C5060779E19}
		{A825B495-08B3-41C0-A9F7-68EC5F1FA70E} = {347BC5A5-E6B2-4FB9-89CF-5C5060779E19}
		{E53D3E78-7FBD-4CA8-9F1C-30D6E7B5AD84} = {347BC5A5-E6B2-4FB9-89CF-5C5060779E19}
		{E413D087-6416-4EF5-911A-EF2FBFC3FBD5} = {26AA978C-BE40-41D2-B798-16CDDEE895A4}
		{052D4664-2276-4389-A3D1-384DFAFEFC0F} = {E413D087-6416-4EF5-911A-EF2FBFC3FBD5}
		{9D036662-0858-48AD-887D-FF5A6F5EE958} = {E413D087-6416-4EF5-911A-EF2FBFC3FBD5}
		{0307DE35-B32F-429F-8F3E-E4BED3FFA12C} = {69E7DBB3-92E4-4189-A6BD-065D3FA14B69}
		{50D13C3E-2FA1-470B-9F70-B851A0F5BAB1} = {0307DE35-B32F-429F-8F3E-E4BED3FFA12C}
		{4DFDCFAD-2B61-4071-A21D-F98A0DAFCA2F} = {0307DE35-B32F-429F-8F3E-E4BED3FFA12C}
		{7626E5B7-FC41-4BAF-A782-2F2006431B76} = {9BCBFC0F-DF25-4FE9-AAF3-AF8A6D41007A}
		{D76F28C8-CFFD-491A-BD5D-502FEEA63722} = {7626E5B7-FC41-4BAF-A782-2F2006431B76}
		{82F29D7B-1F01-47CD-82E6-5C0AF05F386B} = {7626E5B7-FC41-4BAF-A782-2F2006431B76}
		{660DF91C-4E02-4D53-A4A8-E9828ADD1CD7} = {7626E5B7-FC41-4BAF-A782-2F2006431B76}
		{3C914655-4CDC-4011-8765-D3FCFDCAB667} = {D76F28C8-CFFD-491A-BD5D-502FEEA63722}
		{C11B8D5D-DD92-4D96-A96B-9181291FA99B} = {82F29D7B-1F01-47CD-82E6-5C0AF05F386B}
		{CCC93A48-F15D-4036-AD08-4514C00A25B0} = {660DF91C-4E02-4D53-A4A8-E9828ADD1CD7}
		{00CC06EE-3E19-4E7C-ABA5-533205E1AEEE} = {82F29D7B-1F01-47CD-82E6-5C0AF05F386B}
		{755FC839-5217-4494-9F05-5CAC9BA13478} = {660DF91C-4E02-4D53-A4A8-E9828ADD1CD7}
		{1B6EFC7C-D203-4A53-9D94-888F10B6F9EB} = {9BCBFC0F-DF25-4FE9-AAF3-AF8A6D41007A}
		{4AFA3EDC-3D87-4EE4-B860-711E2E95DEA8} = {1B6EFC7C-D203-4A53-9D94-888F10B6F9EB}
		{97FBA09D-6B17-4FC3-9164-67FF02435736} = {1B6EFC7C-D203-4A53-9D94-888F10B6F9EB}
		{AB1F5A31-D93E-4545-A7D5-1B20A7B56360} = {1B6EFC7C-D203-4A53-9D94-888F10B6F9EB}
		{F1AEF734-28E7-4F7D-BDEE-39A6AD3E1D50} = {97FBA09D-6B17-4FC3-9164-67FF02435736}
		{DE2AD75C-1068-4B26-A713-A751A503FC71} = {AB1F5A31-D93E-4545-A7D5-1B20A7B56360}
		{27ACBB65-C877-4F77-8559-83AD63ADB401} = {97FBA09D-6B17-4FC3-9164-67FF02435736}
		{6CF01C7B-7B05-423D-9107-74214712C663} = {AB1F5A31-D93E-4545-A7D5-1B20A7B56360}
		{EDDA1C2C-99F2-4AFA-9397-3060CC870BFD} = {4AFA3EDC-3D87-4EE4-B860-711E2E95DEA8}
		{24AEC371-5399-41DE-8CC6-4E433F3F64EF} = {9BCBFC0F-DF25-4FE9-AAF3-AF8A6D41007A}
		{32987B1A-8D2D-4A87-A7D1-F9007907CF93} = {24AEC371-5399-41DE-8CC6-4E433F3F64EF}
		{736BFCC5-8DFA-428A-A070-662FDD98B063} = {24AEC371-5399-41DE-8CC6-4E433F3F64EF}
		{DFD25198-6A36-4659-8A01-DF537D0DA271} = {24AEC371-5399-41DE-8CC6-4E433F3F64EF}
		{53202BD7-1DD0-4836-A2B4-4498AC192E9F} = {32987B1A-8D2D-4A87-A7D1-F9007907CF93}
		{BAC46B37-4BF1-46A0-A884-861E541AA13E} = {736BFCC5-8DFA-428A-A070-662FDD98B063}
		{E1EB6582-AEFF-45DD-9893-88E28A17C5DF} = {736BFCC5-8DFA-428A-A070-662FDD98B063}
		{D7DFBD33-6A6B-496A-9CDE-51D169E9594E} = {DFD25198-6A36-4659-8A01-DF537D0DA271}
		{73FAF1F3-C77D-4E99-9B7E-24E0C27B9339} = {DFD25198-6A36-4659-8A01-DF537D0DA271}
		{80D0C27A-9223-4432-A729-B89AAC8E03AD} = {9BCBFC0F-DF25-4FE9-AAF3-AF8A6D41007A}
		{6A056FF9-BF3E-4ADC-850C-89DB41A4420B} = {80D0C27A-9223-4432-A729-B89AAC8E03AD}
		{6267BC8C-9746-4D2B-98B3-F99CC38A7C84} = {80D0C27A-9223-4432-A729-B89AAC8E03AD}
		{B1394C3E-2C80-443E-8243-CB3AA87C6395} = {80D0C27A-9223-4432-A729-B89AAC8E03AD}
		{07C58CA7-4206-4CD8-860D-AB32EBE940A6} = {6A056FF9-BF3E-4ADC-850C-89DB41A4420B}
		{2C51D7C0-5977-4039-B480-5B7D54FC9DD5} = {6267BC8C-9746-4D2B-98B3-F99CC38A7C84}
		{7389FDB9-28DE-4B71-A89B-FE2BF7EC56E1} = {6267BC8C-9746-4D2B-98B3-F99CC38A7C84}
		{8CF996E6-E5CB-4566-8F77-B5EF52F50939} = {B1394C3E-2C80-443E-8243-CB3AA87C6395}
		{420034AD-EA21-48C4-BDD7-660D6D672FE2} = {B1394C3E-2C80-443E-8243-CB3AA87C6395}
		{7282FA2C-C047-4492-9DF3-567A54107037} = {9BCBFC0F-DF25-4FE9-AAF3-AF8A6D41007A}
		{B426FFE7-F326-400C-8EE5-A93FC35D4AC0} = {7282FA2C-C047-4492-9DF3-567A54107037}
		{1F472D42-51D4-41CA-97C6-38C26347BC48} = {B426FFE7-F326-400C-8EE5-A93FC35D4AC0}
		{C52845B8-2F56-414C-B7F8-26D9E267ECC8} = {7282FA2C-C047-4492-9DF3-567A54107037}
		{11C5EC21-A895-494F-A1EF-C80C23DE2F3D} = {7282FA2C-C047-4492-9DF3-567A54107037}
		{2D1FB18B-CBAA-4912-9389-E4A1F48A0EEE} = {C52845B8-2F56-414C-B7F8-26D9E267ECC8}
		{C540A85F-F682-4971-866C-8F9568A1A6DC} = {C52845B8-2F56-414C-B7F8-26D9E267ECC8}
		{54EF6F3D-45C3-4F0C-8013-57D95C039806} = {11C5EC21-A895-494F-A1EF-C80C23DE2F3D}
		{351E9F40-37F7-475D-ACE2-9EF60A690E58} = {11C5EC21-A895-494F-A1EF-C80C23DE2F3D}
	EndGlobalSection
	GlobalSection(ExtensibilityGlobals) = postSolution
		SolutionGuid = {A7F43644-7FC7-4EDB-9631-E5784A786800}
	EndGlobalSection
EndGlobal
